
Microsoft Visual Studio Solution File, Format Version 12.00
# Visual Studio 15
VisualStudioVersion = 15.0.27703.2035
MinimumVisualStudioVersion = 10.0.40219.1
Project("{FAE04EC0-301F-11D3-BF4B-00C04F79EFBC}") = "UGB_FINANCEIRO", "UGB_FINANCEIRO\UGB_FINANCEIRO.csproj", "{8F28BF61-1630-49ED-BC3B-206AD8930C44}"
EndProject
Project("{FAE04EC0-301F-11D3-BF4B-00C04F79EFBC}") = "UGB_FINANCEIROTests", "UGB_FINANCEIROTests\UGB_FINANCEIROTests.csproj", "{5CC7A7D4-3B4A-4556-846F-5ABABCC05C34}"
EndProject
Global
	GlobalSection(SolutionConfigurationPlatforms) = preSolution
		Debug|Any CPU = Debug|Any CPU
		Release|Any CPU = Release|Any CPU
	EndGlobalSection
	GlobalSection(ProjectConfigurationPlatforms) = postSolution
		{8F28BF61-1630-49ED-BC3B-206AD8930C44}.Debug|Any CPU.ActiveCfg = Debug|Any CPU
		{8F28BF61-1630-49ED-BC3B-206AD8930C44}.Debug|Any CPU.Build.0 = Debug|Any CPU
		{8F28BF61-1630-49ED-BC3B-206AD8930C44}.Release|Any CPU.ActiveCfg = Release|Any CPU
		{8F28BF61-1630-49ED-BC3B-206AD8930C44}.Release|Any CPU.Build.0 = Release|Any CPU
		{5CC7A7D4-3B4A-4556-846F-5ABABCC05C34}.Debug|Any CPU.ActiveCfg = Debug|Any CPU
		{5CC7A7D4-3B4A-4556-846F-5ABABCC05C34}.Debug|Any CPU.Build.0 = Debug|Any CPU
		{5CC7A7D4-3B4A-4556-846F-5ABABCC05C34}.Release|Any CPU.ActiveCfg = Release|Any CPU
		{5CC7A7D4-3B4A-4556-846F-5ABABCC05C34}.Release|Any CPU.Build.0 = Release|Any CPU
	EndGlobalSection
	GlobalSection(SolutionProperties) = preSolution
		HideSolutionNode = FALSE
	EndGlobalSection
	GlobalSection(ExtensibilityGlobals) = postSolution
		SolutionGuid = {74F72B1D-F0B7-4D39-9980-2F4185E14856}
	EndGlobalSection
EndGlobal
